{
  "version": 4,
  "terraform_version": "1.6.4",
  "serial": 14,
  "lineage": "d561a86b-6701-bf88-ea7e-2b88342c64a6",
  "outputs": {},
  "resources": [
    {
      "mode": "data",
      "type": "google_firebase_web_app_config",
      "name": "example",
      "provider": "provider[\"registry.terraform.io/hashicorp/google-beta\"]",
      "instances": [
        {
          "schema_version": 0,
          "attributes": {
            "api_key": "AIzaSyAQGV8QsMCmzg7Kj61TDUO9hWERm7qQb0Y",
            "auth_domain": "projectspunwall.firebaseapp.com",
            "database_url": "",
            "id": "1:945379123043:web:e5dc8b4e2655053b55bd56",
            "location_id": "",
            "measurement_id": "",
            "messaging_sender_id": "945379123043",
            "project": "projectspunwall",
            "storage_bucket": "projectspunwall.firebasestorage.app",
            "web_app_id": "1:945379123043:web:e5dc8b4e2655053b55bd56"
          },
          "sensitive_attributes": []
        }
      ]
    },
    {
      "mode": "data",
      "type": "google_project",
      "name": "project",
      "provider": "provider[\"registry.terraform.io/hashicorp/google-beta\"]",
      "instances": [
        {
          "schema_version": 0,
          "attributes": {
            "auto_create_network": null,
            "billing_account": null,
            "deletion_policy": "DELETE",
            "effective_labels": {
              "firebase": "enabled"
            },
            "folder_id": null,
            "id": "projects/projectspunwall",
            "labels": {
              "firebase": "enabled"
            },
            "name": "ProjectSpunWall",
            "number": "945379123043",
            "org_id": null,
            "project_id": "projectspunwall",
            "skip_delete": null,
            "terraform_labels": {
              "firebase": "enabled"
            }
          },
          "sensitive_attributes": []
        }
      ]
    },
    {
      "mode": "managed",
      "type": "google_apikeys_key",
      "name": "generativelanguage",
      "provider": "provider[\"registry.terraform.io/hashicorp/google-beta\"]",
      "instances": [
        {
          "schema_version": 0,
          "attributes": {
            "display_name": "Gemini API Key",
            "id": "projects/projectspunwall/locations/global/keys/gemini-api-key",
            "key_string": "AIzaSyBdt_CZVBKXG1vt7113lA1FHHfCpPdHmoA",
            "name": "gemini-api-key",
            "project": "projectspunwall",
            "restrictions": [
              {
                "android_key_restrictions": [],
                "api_targets": [
                  {
                    "methods": null,
                    "service": "generativelanguage.googleapis.com"
                  }
                ],
                "browser_key_restrictions": [
                  {
                    "allowed_referrers": [
                      "*"
                    ]
                  }
                ],
                "ios_key_restrictions": [],
                "server_key_restrictions": []
              }
            ],
            "timeouts": null,
            "uid": "4df243b7-9834-4d1c-abb0-5933d22ec36b"
          },
          "sensitive_attributes": [],
          "private": "eyJlMmJmYjczMC1lY2FhLTExZTYtOGY4OC0zNDM2M2JjN2M0YzAiOnsiY3JlYXRlIjoxMjAwMDAwMDAwMDAwLCJkZWxldGUiOjEyMDAwMDAwMDAwMDAsInVwZGF0ZSI6MTIwMDAwMDAwMDAwMH19",
          "dependencies": [
            "google_project_service.services"
          ]
        }
      ]
    },
    {
      "mode": "managed",
      "type": "google_firebase_web_app",
      "name": "example",
      "provider": "provider[\"registry.terraform.io/hashicorp/google-beta\"]",
      "instances": [
        {
          "schema_version": 0,
          "attributes": {
            "api_key_id": "c0ba7fe1-c391-4f72-8273-dac295edf658",
            "app_id": "1:945379123043:web:e5dc8b4e2655053b55bd56",
            "app_urls": [],
            "deletion_policy": "DELETE",
            "display_name": "Make It So AI!",
            "id": "projects/projectspunwall/webApps/1:945379123043:web:e5dc8b4e2655053b55bd56",
            "name": "projects/projectspunwall/webApps/1:945379123043:web:e5dc8b4e2655053b55bd56",
            "project": "projectspunwall",
            "timeouts": null
          },
          "sensitive_attributes": [],
          "private": "eyJlMmJmYjczMC1lY2FhLTExZTYtOGY4OC0zNDM2M2JjN2M0YzAiOnsiY3JlYXRlIjoxMjAwMDAwMDAwMDAwLCJkZWxldGUiOjEyMDAwMDAwMDAwMDAsInVwZGF0ZSI6MTIwMDAwMDAwMDAwMH19"
        }
      ]
    },
    {
      "mode": "managed",
      "type": "google_firebaserules_ruleset",
      "name": "firestore",
      "provider": "provider[\"registry.terraform.io/hashicorp/google-beta\"]",
      "instances": [
        {
          "schema_version": 0,
          "attributes": {
            "create_time": "2024-11-17T11:24:39.615218Z",
            "id": "projects/projectspunwall/rulesets/0ea57d6a-4728-4a0a-8742-9f34d3c171db",
            "metadata": [
              {
                "services": [
                  "cloud.firestore"
                ]
              }
            ],
            "name": "0ea57d6a-4728-4a0a-8742-9f34d3c171db",
            "project": "projectspunwall",
            "source": [
              {
                "files": [
                  {
                    "content": "service cloud.firestore {\n  match /databases/{database}/documents/{document=**} {\n    allow read, write: if request.auth != null \u0026\u0026 request.time \u003c timestamp.date(2024, 12, 17);\n  }\n}\n",
                    "fingerprint": "",
                    "name": "firestore.rules"
                  }
                ],
                "language": ""
              }
            ],
            "timeouts": null
          },
          "sensitive_attributes": [],
          "private": "eyJlMmJmYjczMC1lY2FhLTExZTYtOGY4OC0zNDM2M2JjN2M0YzAiOnsiY3JlYXRlIjoxMjAwMDAwMDAwMDAwLCJkZWxldGUiOjEyMDAwMDAwMDAwMDB9fQ==",
          "dependencies": [
            "google_firestore_database.database",
            "google_project_service.services",
            "local_file.firestore_rules"
          ]
        }
      ]
    },
    {
      "mode": "managed",
      "type": "google_firestore_database",
      "name": "database",
      "provider": "provider[\"registry.terraform.io/hashicorp/google-beta\"]",
      "instances": [
        {
          "schema_version": 0,
          "attributes": {
            "app_engine_integration_mode": "DISABLED",
            "cmek_config": [],
            "concurrency_mode": "PESSIMISTIC",
            "create_time": "",
            "delete_protection_state": "DELETE_PROTECTION_DISABLED",
            "deletion_policy": "ABANDON",
            "earliest_version_time": "2024-11-17T11:24:26.600134Z",
            "etag": "INSlo92g44kDMMatzNeg44kD",
            "id": "projects/projectspunwall/databases/(default)",
            "key_prefix": "",
            "location_id": "nam5",
            "name": "(default)",
            "point_in_time_recovery_enablement": "POINT_IN_TIME_RECOVERY_DISABLED",
            "project": "projectspunwall",
            "timeouts": null,
            "type": "FIRESTORE_NATIVE",
            "uid": "ed448f2b-f0ba-43ca-bb2b-1eb79014c710",
            "update_time": "",
            "version_retention_period": "3600s"
          },
          "sensitive_attributes": [],
          "private": "eyJlMmJmYjczMC1lY2FhLTExZTYtOGY4OC0zNDM2M2JjN2M0YzAiOnsiY3JlYXRlIjoxMjAwMDAwMDAwMDAwLCJkZWxldGUiOjEyMDAwMDAwMDAwMDAsInVwZGF0ZSI6MTIwMDAwMDAwMDAwMH19",
          "dependencies": [
            "google_project_service.services"
          ]
        }
      ]
    },
    {
      "mode": "managed",
      "type": "google_project_service",
      "name": "services",
      "provider": "provider[\"registry.terraform.io/hashicorp/google-beta\"]",
      "instances": [
        {
          "index_key": "apikeys.googleapis.com",
          "schema_version": 0,
          "attributes": {
            "check_if_service_has_usage_on_destroy": false,
            "disable_dependent_services": null,
            "disable_on_destroy": false,
            "id": "projectspunwall/apikeys.googleapis.com",
            "project": "projectspunwall",
            "service": "apikeys.googleapis.com",
            "timeouts": null
          },
          "sensitive_attributes": [],
          "private": "eyJlMmJmYjczMC1lY2FhLTExZTYtOGY4OC0zNDM2M2JjN2M0YzAiOnsiY3JlYXRlIjoxMjAwMDAwMDAwMDAwLCJkZWxldGUiOjEyMDAwMDAwMDAwMDAsInJlYWQiOjYwMDAwMDAwMDAwMCwidXBkYXRlIjoxMjAwMDAwMDAwMDAwfX0="
        },
        {
          "index_key": "firebaserules.googleapis.com",
          "schema_version": 0,
          "attributes": {
            "check_if_service_has_usage_on_destroy": false,
            "disable_dependent_services": null,
            "disable_on_destroy": false,
            "id": "projectspunwall/firebaserules.googleapis.com",
            "project": "projectspunwall",
            "service": "firebaserules.googleapis.com",
            "timeouts": null
          },
          "sensitive_attributes": [],
          "private": "eyJlMmJmYjczMC1lY2FhLTExZTYtOGY4OC0zNDM2M2JjN2M0YzAiOnsiY3JlYXRlIjoxMjAwMDAwMDAwMDAwLCJkZWxldGUiOjEyMDAwMDAwMDAwMDAsInJlYWQiOjYwMDAwMDAwMDAwMCwidXBkYXRlIjoxMjAwMDAwMDAwMDAwfX0="
        },
        {
          "index_key": "firestore.googleapis.com",
          "schema_version": 0,
          "attributes": {
            "check_if_service_has_usage_on_destroy": false,
            "disable_dependent_services": null,
            "disable_on_destroy": false,
            "id": "projectspunwall/firestore.googleapis.com",
            "project": "projectspunwall",
            "service": "firestore.googleapis.com",
            "timeouts": null
          },
          "sensitive_attributes": [],
          "private": "eyJlMmJmYjczMC1lY2FhLTExZTYtOGY4OC0zNDM2M2JjN2M0YzAiOnsiY3JlYXRlIjoxMjAwMDAwMDAwMDAwLCJkZWxldGUiOjEyMDAwMDAwMDAwMDAsInJlYWQiOjYwMDAwMDAwMDAwMCwidXBkYXRlIjoxMjAwMDAwMDAwMDAwfX0="
        },
        {
          "index_key": "generativelanguage.googleapis.com",
          "schema_version": 0,
          "attributes": {
            "check_if_service_has_usage_on_destroy": false,
            "disable_dependent_services": null,
            "disable_on_destroy": false,
            "id": "projectspunwall/generativelanguage.googleapis.com",
            "project": "projectspunwall",
            "service": "generativelanguage.googleapis.com",
            "timeouts": null
          },
          "sensitive_attributes": [],
          "private": "eyJlMmJmYjczMC1lY2FhLTExZTYtOGY4OC0zNDM2M2JjN2M0YzAiOnsiY3JlYXRlIjoxMjAwMDAwMDAwMDAwLCJkZWxldGUiOjEyMDAwMDAwMDAwMDAsInJlYWQiOjYwMDAwMDAwMDAwMCwidXBkYXRlIjoxMjAwMDAwMDAwMDAwfX0="
        },
        {
          "index_key": "serviceusage.googleapis.com",
          "schema_version": 0,
          "attributes": {
            "check_if_service_has_usage_on_destroy": false,
            "disable_dependent_services": null,
            "disable_on_destroy": false,
            "id": "projectspunwall/serviceusage.googleapis.com",
            "project": "projectspunwall",
            "service": "serviceusage.googleapis.com",
            "timeouts": null
          },
          "sensitive_attributes": [],
          "private": "eyJlMmJmYjczMC1lY2FhLTExZTYtOGY4OC0zNDM2M2JjN2M0YzAiOnsiY3JlYXRlIjoxMjAwMDAwMDAwMDAwLCJkZWxldGUiOjEyMDAwMDAwMDAwMDAsInJlYWQiOjYwMDAwMDAwMDAwMCwidXBkYXRlIjoxMjAwMDAwMDAwMDAwfX0="
        }
      ]
    },
    {
      "mode": "managed",
      "type": "google_service_usage_consumer_quota_override",
      "name": "generativelanguage",
      "provider": "provider[\"registry.terraform.io/hashicorp/google-beta\"]",
      "instances": [
        {
          "schema_version": 0,
          "attributes": {
            "dimensions": null,
            "force": true,
            "id": "projects/projectspunwall/services/generativelanguage.googleapis.com/consumerQuotaMetrics/generativelanguage.googleapis.com%2Fgenerate_requests_per_model/limits/%2Fmin%2Fmodel%2Fproject/consumerOverrides/Cg1RdW90YU92ZXJyaWRl",
            "limit": "%2Fmin%2Fmodel%2Fproject",
            "metric": "generativelanguage.googleapis.com%2Fgenerate_requests_per_model",
            "name": "Cg1RdW90YU92ZXJyaWRl",
            "override_value": "10",
            "project": "projectspunwall",
            "service": "generativelanguage.googleapis.com",
            "timeouts": null
          },
          "sensitive_attributes": [],
          "private": "eyJlMmJmYjczMC1lY2FhLTExZTYtOGY4OC0zNDM2M2JjN2M0YzAiOnsiY3JlYXRlIjoxMjAwMDAwMDAwMDAwLCJkZWxldGUiOjEyMDAwMDAwMDAwMDAsInVwZGF0ZSI6MTIwMDAwMDAwMDAwMH19",
          "dependencies": [
            "google_project_service.services"
          ]
        }
      ]
    },
    {
      "mode": "managed",
      "type": "local_file",
      "name": "environment_ts",
      "provider": "provider[\"registry.terraform.io/hashicorp/local\"]",
      "instances": [
        {
          "schema_version": 0,
          "attributes": {
            "content": "export const environment = {\n  firebase: {\n      apiKey: 'AIzaSyAQGV8QsMCmzg7Kj61TDUO9hWERm7qQb0Y',\n      authDomain: 'projectspunwall.firebaseapp.com',\n      databaseURL: '',\n      projectId: 'projectspunwall',\n      storageBucket: 'projectspunwall.firebasestorage.app',\n      messagingSenderId: '945379123043',\n      appId: '1:945379123043:web:e5dc8b4e2655053b55bd56',\n      measurementId: '',\n  },\n  gemini_api_key: 'AIzaSyBdt_CZVBKXG1vt7113lA1FHHfCpPdHmoA',\n  debug_token: ''\n};",
            "content_base64": null,
            "content_base64sha256": "UiTXGhqY5omVxp1Qm1oqD66qQUnEALUdIVk0p7UZ6bY=",
            "content_base64sha512": "ZPnwGxdsNWI82mU/dyfK7bVtDfMV4urihW8/RrBglKCxb0aLyPM32fqNSCyNu1xy22HvAfGsnfvzRMbDmqqqhw==",
            "content_md5": "48c1c60a91564867e37e50747906284d",
            "content_sha1": "771690e9710c49c83abae177bbfb7ead3583c99a",
            "content_sha256": "5224d71a1a98e68995c69d509b5a2a0faeaa4149c400b51d215934a7b519e9b6",
            "content_sha512": "64f9f01b176c35623cda653f7727caedb56d0df315e2eae2856f3f46b06094a0b16f468bc8f337d9fa8d482c8dbb5c72db61ef01f1ac9dfbf344c6c39aaaaa87",
            "directory_permission": "0777",
            "file_permission": "0777",
            "filename": "./src/environments/environments.ts",
            "id": "771690e9710c49c83abae177bbfb7ead3583c99a",
            "sensitive_content": null,
            "source": null
          },
          "sensitive_attributes": [
            [
              {
                "type": "get_attr",
                "value": "content"
              }
            ]
          ],
          "dependencies": [
            "data.google_firebase_web_app_config.example",
            "data.google_project.project",
            "google_apikeys_key.generativelanguage",
            "google_firebase_web_app.example",
            "google_project_service.services"
          ]
        }
      ]
    },
    {
      "mode": "managed",
      "type": "local_file",
      "name": "firebaserc",
      "provider": "provider[\"registry.terraform.io/hashicorp/local\"]",
      "instances": [
        {
          "schema_version": 0,
          "attributes": {
            "content": "{\"projects\":{\"default\":\"projectspunwall\"}}",
            "content_base64": null,
            "content_base64sha256": "OUUF3Rb6e1nlLE4scnCXMaRRuFiki3R+pTlSrl0/cPQ=",
            "content_base64sha512": "SR85qUnEv2NiTgosvmUer2By+kLGxUkNuvSXfmLmp5FOuadtlKmkUE6ysWAp/eMYrM9sTlCVFP1u7CxTuUobvg==",
            "content_md5": "4c3f64184cec179b4d730745467f38b6",
            "content_sha1": "d10ab6d304878adce13f6b16a5f92d4e730cc608",
            "content_sha256": "394505dd16fa7b59e52c4e2c72709731a451b858a48b747ea53952ae5d3f70f4",
            "content_sha512": "491f39a949c4bf63624e0a2cbe651eaf6072fa42c6c5490dbaf4977e62e6a7914eb9a76d94a9a4504eb2b16029fde318accf6c4e509514fd6eec2c53b94a1bbe",
            "directory_permission": "0777",
            "file_permission": "0777",
            "filename": "./.firebaserc",
            "id": "d10ab6d304878adce13f6b16a5f92d4e730cc608",
            "sensitive_content": null,
            "source": null
          },
          "sensitive_attributes": []
        }
      ]
    },
    {
      "mode": "managed",
      "type": "local_file",
      "name": "firestore_rules",
      "provider": "provider[\"registry.terraform.io/hashicorp/local\"]",
      "instances": [
        {
          "schema_version": 0,
          "attributes": {
            "content": "service cloud.firestore {\n  match /databases/{database}/documents/{document=**} {\n    allow read, write: if request.auth != null \u0026\u0026 request.time \u003c timestamp.date(2024, 12, 17);\n  }\n}\n",
            "content_base64": null,
            "content_base64sha256": "PT4sAJ4RgRUeMOrtjQBxiQ+hs75BCU0AiGFErtz2vAw=",
            "content_base64sha512": "2tWRwwjAnwEg7YBQKyuzlZD8987JMj9wYZcCovz4gbIC2psDqDs7zBB7Bk3YoqiJZbxKJS2M6F+FoPGqLjTa3w==",
            "content_md5": "9a7d0b485900faf57c905f345e7f3fec",
            "content_sha1": "7d46975231b1cfe53570bdac46c6fc6071768466",
            "content_sha256": "3d3e2c009e1181151e30eaed8d0071890fa1b3be41094d00886144aedcf6bc0c",
            "content_sha512": "dad591c308c09f0120ed80502b2bb39590fcf7cec9323f70619702a2fcf881b202da9b03a83b3bcc107b064dd8a2a88965bc4a252d8ce85f85a0f1aa2e34dadf",
            "directory_permission": "0777",
            "file_permission": "0777",
            "filename": "./firestore.rules",
            "id": "7d46975231b1cfe53570bdac46c6fc6071768466",
            "sensitive_content": null,
            "source": null
          },
          "sensitive_attributes": []
        }
      ]
    }
  ],
  "check_results": null
}
